
Microsoft Visual Studio Solution File, Format Version 12.00
# Visual Studio Version 17
VisualStudioVersion = 17.9.34321.82
MinimumVisualStudioVersion = 10.0.40219.1
Project("{FAE04EC0-301F-11D3-BF4B-00C04F79EFBC}") = "BlazorAppWebTesteFIAP", "BlazorAppWebTesteFIAP.csproj", "{27DBE017-8575-4290-8D8A-10DC460DFA6B}"
EndProject
Global
	GlobalSection(SolutionConfigurationPlatforms) = preSolution
		Debug|Any CPU = Debug|Any CPU
		Release|Any CPU = Release|Any CPU
	EndGlobalSection
	GlobalSection(ProjectConfigurationPlatforms) = postSolution
		{27DBE017-8575-4290-8D8A-10DC460DFA6B}.Debug|Any CPU.ActiveCfg = Debug|Any CPU
		{27DBE017-8575-4290-8D8A-10DC460DFA6B}.Debug|Any CPU.Build.0 = Debug|Any CPU
		{27DBE017-8575-4290-8D8A-10DC460DFA6B}.Release|Any CPU.ActiveCfg = Release|Any CPU
		{27DBE017-8575-4290-8D8A-10DC460DFA6B}.Release|Any CPU.Build.0 = Release|Any CPU
	EndGlobalSection
	GlobalSection(SolutionProperties) = preSolution
		HideSolutionNode = FALSE
	EndGlobalSection
	GlobalSection(ExtensibilityGlobals) = postSolution
		SolutionGuid = {06440E2C-2D82-4CD5-A682-D944DFA75837}
	EndGlobalSection
EndGlobal
